
Microsoft Visual Studio Solution File, Format Version 12.00
# Visual Studio 15
VisualStudioVersion = 15.0.28010.2050
MinimumVisualStudioVersion = 10.0.40219.1
Project("{9A19103F-16F7-4668-BE54-9A1E7A4F7556}") = "EDC.WorkflowCore.Sample.ConsolePortal", "EDC.WorkflowCore.Sample.ConsolePortal\EDC.WorkflowCore.Sample.ConsolePortal.csproj", "{FC342BDC-6DF8-429B-BA76-3FF1E7B297C0}"
EndProject
Project("{9A19103F-16F7-4668-BE54-9A1E7A4F7556}") = "EDC.WorkflowCore.Sample.WebPortal", "EDC.WorkflowCore.Sample.WebPortal\EDC.WorkflowCore.Sample.WebPortal.csproj", "{92EB4099-59CF-4314-80FE-A506ED7A69AA}"
EndProject
Global
	GlobalSection(SolutionConfigurationPlatforms) = preSolution
		Debug|Any CPU = Debug|Any CPU
		Release|Any CPU = Release|Any CPU
	EndGlobalSection
	GlobalSection(ProjectConfigurationPlatforms) = postSolution
		{FC342BDC-6DF8-429B-BA76-3FF1E7B297C0}.Debug|Any CPU.ActiveCfg = Debug|Any CPU
		{FC342BDC-6DF8-429B-BA76-3FF1E7B297C0}.Debug|Any CPU.Build.0 = Debug|Any CPU
		{FC342BDC-6DF8-429B-BA76-3FF1E7B297C0}.Release|Any CPU.ActiveCfg = Release|Any CPU
		{FC342BDC-6DF8-429B-BA76-3FF1E7B297C0}.Release|Any CPU.Build.0 = Release|Any CPU
		{92EB4099-59CF-4314-80FE-A506ED7A69AA}.Debug|Any CPU.ActiveCfg = Debug|Any CPU
		{92EB4099-59CF-4314-80FE-A506ED7A69AA}.Debug|Any CPU.Build.0 = Debug|Any CPU
		{92EB4099-59CF-4314-80FE-A506ED7A69AA}.Release|Any CPU.ActiveCfg = Release|Any CPU
		{92EB4099-59CF-4314-80FE-A506ED7A69AA}.Release|Any CPU.Build.0 = Release|Any CPU
	EndGlobalSection
	GlobalSection(SolutionProperties) = preSolution
		HideSolutionNode = FALSE
	EndGlobalSection
	GlobalSection(ExtensibilityGlobals) = postSolution
		SolutionGuid = {01CF7CCC-4986-43D6-BC53-E65115966245}
	EndGlobalSection
EndGlobal
